Microsoft Visual Studio Solution File, Format Version 12.00
# Visual Studio Version 17
VisualStudioVersion = 17.5.2.0
MinimumVisualStudioVersion = 10.0.40219.1
Project("{FAE04EC0-301F-11D3-BF4B-00C04F79EFBC}") = "ProdCats.Api", "ProdCats.Api\ProdCats.Api.csproj", "{4F8313C9-498E-3E02-6313-0E7EB416DF97}"
EndProject
Global
	GlobalSection(SolutionConfigurationPlatforms) = preSolution
		Debug|Any CPU = Debug|Any CPU
		Release|Any CPU = Release|Any CPU
	EndGlobalSection
	GlobalSection(ProjectConfigurationPlatforms) = postSolution
		{4F8313C9-498E-3E02-6313-0E7EB416DF97}.Debug|Any CPU.ActiveCfg = Debug|Any CPU
		{4F8313C9-498E-3E02-6313-0E7EB416DF97}.Debug|Any CPU.Build.0 = Debug|Any CPU
		{4F8313C9-498E-3E02-6313-0E7EB416DF97}.Release|Any CPU.ActiveCfg = Release|Any CPU
		{4F8313C9-498E-3E02-6313-0E7EB416DF97}.Release|Any CPU.Build.0 = Release|Any CPU
	EndGlobalSection
	GlobalSection(SolutionProperties) = preSolution
		HideSolutionNode = FALSE
	EndGlobalSection
	GlobalSection(ExtensibilityGlobals) = postSolution
		SolutionGuid = {D78EF4EE-9F26-4544-A1DE-F302CCC03003}
	EndGlobalSection
EndGlobal
